version = 1
revision = 3
requires-python = ">=3.12.3"

[[package]]
name = "asgiref"
version = "3.9.1"
source = { registry = "https://pypi.org/simple" }
sdist = { url = "https://files.pythonhosted.org/packages/90/61/0aa957eec22ff70b830b22ff91f825e70e1ef732c06666a805730f28b36b/asgiref-3.9.1.tar.gz", hash = "sha256:a5ab6582236218e5ef1648f242fd9f10626cfd4de8dc377db215d5d5098e3142", size = 36870, upload-time = "2025-07-08T09:07:43.344Z" }
wheels = [
    { url = "https://files.pythonhosted.org/packages/7c/3c/0464dcada90d5da0e71018c04a140ad6349558afb30b3051b4264cc5b965/asgiref-3.9.1-py3-none-any.whl", hash = "sha256:f3bba7092a48005b5f5bacd747d36ee4a5a61f4a269a6df590b43144355ebd2c", size = 23790, upload-time = "2025-07-08T09:07:41.548Z" },
]

[[package]]
name = "django"
version = "5.2.5"
source = { registry = "https://pypi.org/simple" }
dependencies = [
    { name = "asgiref" },
    { name = "sqlparse" },
    { name = "tzdata", marker = "sys_platform == 'win32'" },
]
sdist = { url = "https://files.pythonhosted.org/packages/62/9b/779f853c3d2d58b9e08346061ff3e331cdec3fe3f53aae509e256412a593/django-5.2.5.tar.gz", hash = "sha256:0745b25681b129a77aae3d4f6549b62d3913d74407831abaa0d9021a03954bae", size = 10859748, upload-time = "2025-08-06T08:26:29.978Z" }
wheels = [
    { url = "https://files.pythonhosted.org/packages/9d/6e/98a1d23648e0085bb5825326af17612ecd8fc76be0ce96ea4dc35e17b926/django-5.2.5-py3-none-any.whl", hash = "sha256:2b2ada0ee8a5ff743a40e2b9820d1f8e24c11bac9ae6469cd548f0057ea6ddcd", size = 8302999, upload-time = "2025-08-06T08:26:23.562Z" },
]

[[package]]
name = "django-jazzmin"
version = "3.0.1"
source = { registry = "https://pypi.org/simple" }
dependencies = [
    { name = "django" },
]
sdist = { url = "https://files.pythonhosted.org/packages/84/96/21b6255e90d92a3eb4e93bea9376635d54258e0353ebb913a55e40ae9254/django_jazzmin-3.0.1.tar.gz", hash = "sha256:67ae148bade41267a09ca8e4352ddefa6121795ebbac238bb9a6564ff841eb1b", size = 2053550, upload-time = "2024-10-08T17:40:59.771Z" }
wheels = [
    { url = "https://files.pythonhosted.org/packages/ad/5b/2f8c4b168e6c41bf1e4b14d787deb23d80f618f0693db913bbe208a4a907/django_jazzmin-3.0.1-py3-none-any.whl", hash = "sha256:12a0a4c1d4fd09c2eef22acf6a1f03112b515ba695c59faa8ea80efc81c1f21b", size = 2125957, upload-time = "2024-10-08T17:40:57.359Z" },
]

[[package]]
name = "djangorestframework"
version = "3.16.1"
source = { registry = "https://pypi.org/simple" }
dependencies = [
    { name = "django" },
]
sdist = { url = "https://files.pythonhosted.org/packages/8a/95/5376fe618646fde6899b3cdc85fd959716bb67542e273a76a80d9f326f27/djangorestframework-3.16.1.tar.gz", hash = "sha256:166809528b1aced0a17dc66c24492af18049f2c9420dbd0be29422029cfc3ff7", size = 1089735, upload-time = "2025-08-06T17:50:53.251Z" }
wheels = [
    { url = "https://files.pythonhosted.org/packages/b0/ce/bf8b9d3f415be4ac5588545b5fcdbbb841977db1c1d923f7568eeabe1689/djangorestframework-3.16.1-py3-none-any.whl", hash = "sha256:33a59f47fb9c85ede792cbf88bde71893bcda0667bc573f784649521f1102cec", size = 1080442, upload-time = "2025-08-06T17:50:50.667Z" },
]

[[package]]
name = "djangorestframework-simplejwt"
version = "5.5.1"
source = { registry = "https://pypi.org/simple" }
dependencies = [
    { name = "django" },
    { name = "djangorestframework" },
    { name = "pyjwt" },
]
sdist = { url = "https://files.pythonhosted.org/packages/a8/27/2874a325c11112066139769f7794afae238a07ce6adf96259f08fd37a9d7/djangorestframework_simplejwt-5.5.1.tar.gz", hash = "sha256:e72c5572f51d7803021288e2057afcbd03f17fe11d484096f40a460abc76e87f", size = 101265, upload-time = "2025-07-21T16:52:25.026Z" }
wheels = [
    { url = "https://files.pythonhosted.org/packages/60/94/fdfb7b2f0b16cd3ed4d4171c55c1c07a2d1e3b106c5978c8ad0c15b4a48b/djangorestframework_simplejwt-5.5.1-py3-none-any.whl", hash = "sha256:2c30f3707053d384e9f315d11c2daccfcb548d4faa453111ca19a542b732e469", size = 107674, upload-time = "2025-07-21T16:52:07.493Z" },
]

[[package]]
name = "mainproject"
version = "0.1.0"
source = { virtual = "." }
dependencies = [
    { name = "asgiref" },
    { name = "django" },
    { name = "django-jazzmin" },
    { name = "djangorestframework" },
    { name = "djangorestframework-simplejwt" },
    { name = "pyjwt" },
    { name = "python-dotenv" },
    { name = "rest-framework-simplejwt" },
    { name = "sqlparse" },
    { name = "tzdata" },
    { name = "uv" },
]

[package.metadata]
requires-dist = [
    { name = "asgiref", specifier = "==3.9.1" },
    { name = "django", specifier = "==5.2.5" },
    { name = "django-jazzmin", specifier = ">=3.0.1" },
    { name = "djangorestframework", specifier = "==3.16.1" },
    { name = "djangorestframework-simplejwt", specifier = "==5.5.1" },
    { name = "pyjwt", specifier = "==2.10.1" },
    { name = "python-dotenv", specifier = "==1.1.1" },
    { name = "rest-framework-simplejwt", specifier = "==0.0.2" },
    { name = "sqlparse", specifier = "==0.5.3" },
    { name = "tzdata", specifier = "==2025.2" },
    { name = "uv", specifier = "==0.8.17" },
]

[[package]]
name = "pyjwt"
version = "2.10.1"
source = { registry = "https://pypi.org/simple" }
sdist = { url = "https://files.pythonhosted.org/packages/e7/46/bd74733ff231675599650d3e47f361794b22ef3e3770998dda30d3b63726/pyjwt-2.10.1.tar.gz", hash = "sha256:3cc5772eb20009233caf06e9d8a0577824723b44e6648ee0a2aedb6cf9381953", size = 87785, upload-time = "2024-11-28T03:43:29.933Z" }
wheels = [
    { url = "https://files.pythonhosted.org/packages/61/ad/689f02752eeec26aed679477e80e632ef1b682313be70793d798c1d5fc8f/PyJWT-2.10.1-py3-none-any.whl", hash = "sha256:dcdd193e30abefd5debf142f9adfcdd2b58004e644f25406ffaebd50bd98dacb", size = 22997, upload-time = "2024-11-28T03:43:27.893Z" },
]

[[package]]
name = "python-dotenv"
version = "1.1.1"
source = { registry = "https://pypi.org/simple" }
sdist = { url = "https://files.pythonhosted.org/packages/f6/b0/4bc07ccd3572a2f9df7e6782f52b0c6c90dcbb803ac4a167702d7d0dfe1e/python_dotenv-1.1.1.tar.gz", hash = "sha256:a8a6399716257f45be6a007360200409fce5cda2661e3dec71d23dc15f6189ab", size = 41978, upload-time = "2025-06-24T04:21:07.341Z" }
wheels = [
    { url = "https://files.pythonhosted.org/packages/5f/ed/539768cf28c661b5b068d66d96a2f155c4971a5d55684a514c1a0e0dec2f/python_dotenv-1.1.1-py3-none-any.whl", hash = "sha256:31f23644fe2602f88ff55e1f5c79ba497e01224ee7737937930c448e4d0e24dc", size = 20556, upload-time = "2025-06-24T04:21:06.073Z" },
]

[[package]]
name = "rest-framework-simplejwt"
version = "0.0.2"
source = { registry = "https://pypi.org/simple" }
sdist = { url = "https://files.pythonhosted.org/packages/b3/82/b33aeec7825b6c97dececb80234dacf458ee337727c5c00d4592182913b1/rest_framework_simplejwt-0.0.2.tar.gz", hash = "sha256:035187ce5380e18e8b966610a89b6460fb4b73cd179979343888fb190328125d", size = 2176, upload-time = "2023-03-21T22:28:53.736Z" }
wheels = [
    { url = "https://files.pythonhosted.org/packages/28/de/60ad25b09eb586d8b63b5246cce264b10055a4e09e4bb5aca9e9ec374807/rest_framework_simplejwt-0.0.2-py3-none-any.whl", hash = "sha256:620c56826ff4791c4aaa730ec52aed1f4c74b9c20ea15b9fc1a39bdf99a29a30", size = 2832, upload-time = "2023-03-21T22:28:52.122Z" },
]

[[package]]
name = "sqlparse"
version = "0.5.3"
source = { registry = "https://pypi.org/simple" }
sdist = { url = "https://files.pythonhosted.org/packages/e5/40/edede8dd6977b0d3da179a342c198ed100dd2aba4be081861ee5911e4da4/sqlparse-0.5.3.tar.gz", hash = "sha256:09f67787f56a0b16ecdbde1bfc7f5d9c3371ca683cfeaa8e6ff60b4807ec9272", size = 84999, upload-time = "2024-12-10T12:05:30.728Z" }
wheels = [
    { url = "https://files.pythonhosted.org/packages/a9/5c/bfd6bd0bf979426d405cc6e71eceb8701b148b16c21d2dc3c261efc61c7b/sqlparse-0.5.3-py3-none-any.whl", hash = "sha256:cf2196ed3418f3ba5de6af7e82c694a9fbdbfecccdfc72e281548517081f16ca", size = 44415, upload-time = "2024-12-10T12:05:27.824Z" },
]

[[package]]
name = "tzdata"
version = "2025.2"
source = { registry = "https://pypi.org/simple" }
sdist = { url = "https://files.pythonhosted.org/packages/95/32/1a225d6164441be760d75c2c42e2780dc0873fe382da3e98a2e1e48361e5/tzdata-2025.2.tar.gz", hash = "sha256:b60a638fcc0daffadf82fe0f57e53d06bdec2f36c4df66280ae79bce6bd6f2b9", size = 196380, upload-time = "2025-03-23T13:54:43.652Z" }
wheels = [
    { url = "https://files.pythonhosted.org/packages/5c/23/c7abc0ca0a1526a0774eca151daeb8de62ec457e77262b66b359c3c7679e/tzdata-2025.2-py2.py3-none-any.whl", hash = "sha256:1a403fada01ff9221ca8044d701868fa132215d84beb92242d9acd2147f667a8", size = 347839, upload-time = "2025-03-23T13:54:41.845Z" },
]

[[package]]
name = "uv"
version = "0.8.17"
source = { registry = "https://pypi.org/simple" }
sdist = { url = "https://files.pythonhosted.org/packages/6f/4c/c270c6b8ed3e8c7fe38ea0b99df9eff09c332421b93d55a158371f75220e/uv-0.8.17.tar.gz", hash = "sha256:2afd4525a53c8ab3a11a5a15093c503d27da67e76257a649b05e4f0bc2ebb5ae", size = 3615060, upload-time = "2025-09-10T21:51:25.067Z" }
wheels = [
    { url = "https://files.pythonhosted.org/packages/b9/7d/bbaa45c88b2c91e02714a8a5c9e787c47e4898bddfdd268569163492ba45/uv-0.8.17-py3-none-linux_armv6l.whl", hash = "sha256:c51c9633ca93ef63c07df2443941e6264efd2819cc9faabfd9fe11899c6a0d6a", size = 20242144, upload-time = "2025-09-10T21:50:18.081Z" },
    { url = "https://files.pythonhosted.org/packages/65/34/609b72034df0c62bcfb0c0ad4b11e2b55e537c0f0817588b5337d3dcca71/uv-0.8.17-py3-none-macosx_10_12_x86_64.whl", hash = "sha256:c28fba6d7bb5c34ade2c8da5000faebe8425a287f42a043ca01ceb24ebc81590", size = 19363081, upload-time = "2025-09-10T21:50:22.731Z" },
    { url = "https://files.pythonhosted.org/packages/b6/bc/9417df48f0c18a9d54c2444096e03f2f56a3534c5b869f50ac620729cbc8/uv-0.8.17-py3-none-macosx_11_0_arm64.whl", hash = "sha256:b009f1ec9e28de00f76814ad66e35aaae82c98a0f24015de51943dcd1c2a1895", size = 17943513, upload-time = "2025-09-10T21:50:25.824Z" },
    { url = "https://files.pythonhosted.org/packages/63/1c/14fd54c852fd592a2b5da4b7960f3bf4a15c7e51eb20eaddabe8c8cca32d/uv-0.8.17-py3-none-manylinux_2_17_aarch64.manylinux2014_aarch64.musllinux_1_1_aarch64.whl", hash = "sha256:84d56ae50ca71aec032577adf9737974554a82a94e52cee57722745656c1d383", size = 19507222, upload-time = "2025-09-10T21:50:29.237Z" },
    { url = "https://files.pythonhosted.org/packages/be/47/f6a68cc310feca37c965bcbd57eb999e023d35eaeda9c9759867bf3ed232/uv-0.8.17-py3-none-manylinux_2_17_armv7l.manylinux2014_armv7l.whl", hash = "sha256:85c2140f8553b9a4387a7395dc30cd151ef94046785fe8b198f13f2c380fb39b", size = 19865652, upload-time = "2025-09-10T21:50:32.87Z" },
    { url = "https://files.pythonhosted.org/packages/ab/6a/fdeb2d4a2635a6927c6d549b07177bcaf6ce15bdef58e8253e75c1b70f54/uv-0.8.17-py3-none-manylinux_2_17_i686.manylinux2014_i686.whl", hash = "sha256:2076119783e4a6d3c9e25638956cb123f0eabf4d7d407d9661cdf7f84818dcb9", size = 20831760, upload-time = "2025-09-10T21:50:37.803Z" },
    { url = "https://files.pythonhosted.org/packages/d0/4c/bd58b8a76015aa9ac49d6b4e1211ae1ca98a0aade0c49e1a5f645fb5cd38/uv-0.8.17-py3-none-manylinux_2_17_ppc64.manylinux2014_ppc64.whl", hash = "sha256:707a55660d302924fdbcb509e63dfec8842e19d35b69bcc17af76c25db15ad6f", size = 22209056, upload-time = "2025-09-10T21:50:41.749Z" },
    { url = "https://files.pythonhosted.org/packages/7e/2e/28f59c00a2ed6532502fb1e27da9394e505fb7b41cc0274475104b43561b/uv-0.8.17-py3-none-manylinux_2_17_ppc64le.manylinux2014_ppc64le.whl", hash = "sha256:1824b76911a14aaa9eee65ad9e180e6a4d2d7c86826232c2f28ae86aee56ed0e", size = 21871684, upload-time = "2025-09-10T21:50:45.331Z" },
    { url = "https://files.pythonhosted.org/packages/5a/1d/a8a4fc08de1f767316467e7a1989bb125734b7ed9cd98ce8969386a70653/uv-0.8.17-py3-none-manylinux_2_17_s390x.manylinux2014_s390x.whl", hash = "sha256:bb9b515cc813fb1b08f1e7592f76e437e2fb44945e53cde4fee11dee3b16d0c3", size = 21145154, upload-time = "2025-09-10T21:50:50.388Z" },
    { url = "https://files.pythonhosted.org/packages/8f/35/cb47d2d07a383c07b0e5043c6fe5555f0fd79683c6d7f9760222987c8be9/uv-0.8.17-py3-none-manylinux_2_17_x86_64.manylinux2014_x86_64.whl", hash = "sha256:b6d30d02fb65193309fc12a20f9e1a9fab67f469d3e487a254ca1145fd06788f", size = 21106619, upload-time = "2025-09-10T21:50:54.5Z" },
    { url = "https://files.pythonhosted.org/packages/6e/93/c310f0153b9dfe79bdd7f7eaef6380a8545c8939dbfc4e6bdee8f3ee7050/uv-0.8.17-py3-none-manylinux_2_28_aarch64.whl", hash = "sha256:3941cecd9a6a46d3d4505753912c9cf3e8ae5eea30b9d0813f3656210f8c5d01", size = 19777591, upload-time = "2025-09-10T21:50:57.765Z" },
    { url = "https://files.pythonhosted.org/packages/6c/4f/971d3c84c2f09cf8df4536c33644e6b97e10a259d8630a0c1696c1fa6e94/uv-0.8.17-py3-none-manylinux_2_31_riscv64.whl", hash = "sha256:cd0ad366cfe4cbe9212bd660b5b9f3a827ff35a7601cefdac2d153bfc8079eb7", size = 20845039, upload-time = "2025-09-10T21:51:01.167Z" },
    { url = "https://files.pythonhosted.org/packages/4a/29/8ad9038e75cb91f54b81cc933dd14fcfa92fa6f8706117d43d4251a8a662/uv-0.8.17-py3-none-musllinux_1_1_armv7l.whl", hash = "sha256:505854bc75c497b95d2c65590291dc820999a4a7d9dfab4f44a9434a6cff7b5f", size = 19820370, upload-time = "2025-09-10T21:51:04.616Z" },
    { url = "https://files.pythonhosted.org/packages/f2/c9/fc8482d1e7dfe187c6e03dcefbac0db41a5dd72aa7b017c0f80f91a04444/uv-0.8.17-py3-none-musllinux_1_1_i686.whl", hash = "sha256:dc479f661da449df37d68b36fdffa641e89fb53ad38c16a5c9f98f3211785b63", size = 20289951, upload-time = "2025-09-10T21:51:08.605Z" },
    { url = "https://files.pythonhosted.org/packages/2d/84/ad878ed045f02aa973be46636c802d494f8270caf5ea8bd04b7bbc68aa23/uv-0.8.17-py3-none-musllinux_1_1_x86_64.whl", hash = "sha256:a1d11cd805be6d137ffef4a8227905f87f459031c645ac5031c30a3bcd08abd6", size = 21234644, upload-time = "2025-09-10T21:51:12.429Z" },
    { url = "https://files.pythonhosted.org/packages/f8/03/3fa2641513922988e641050b3adbc87de527f44c2cc8328510703616be6a/uv-0.8.17-py3-none-win32.whl", hash = "sha256:d13a616eb0b2b33c7aa09746cc85860101d595655b58653f0b499af19f33467c", size = 19216757, upload-time = "2025-09-10T21:51:16.021Z" },
    { url = "https://files.pythonhosted.org/packages/1a/c4/0082f437bac162ab95e5a3a389a184c122d45eb5593960aab92fdf80374b/uv-0.8.17-py3-none-win_amd64.whl", hash = "sha256:cf85b84b81b41d57a9b6eeded8473ec06ace8ee959ad0bb57e102b5ad023bd34", size = 21125811, upload-time = "2025-09-10T21:51:19.397Z" },
    { url = "https://files.pythonhosted.org/packages/50/a2/29f57b118b3492c9d5ab1a99ba4906e7d7f8b658881d31bc2c4408d64d07/uv-0.8.17-py3-none-win_arm64.whl", hash = "sha256:64d649a8c4c3732b05dc712544963b004cf733d95fdc5d26f43c5493553ff0a7", size = 19564631, upload-time = "2025-09-10T21:51:22.599Z" },
]
